// !$*UTF8*$!
{
	archiveVersion = 1;
	classes = {
	};
	objectVersion = 46;
	objects = {

/* Begin PBXBuildFile section */
		163BF6F01D51D92500ABB1F6 /* ResolverLister.h in Headers */ = {isa = PBXBuildFile; fileRef = 163BF6EF1D51D92500ABB1F6 /* ResolverLister.h */; settings = {ATTRIBUTES = (Public, ); }; };
		163BF6F81D51D9C100ABB1F6 /* libresolv.tbd in Frameworks */ = {isa = PBXBuildFile; fileRef = 163BF6F71D51D9C100ABB1F6 /* libresolv.tbd */; };
		163BF6FB1D51D9F000ABB1F6 /* ResolverLister.m in Sources */ = {isa = PBXBuildFile; fileRef = 163BF6FA1D51D9F000ABB1F6 /* ResolverLister.m */; };
		163D85C31D5C6BF800F7F7A8 /* AppDelegate.swift in Sources */ = {isa = PBXBuildFile; fileRef = 163D85C21D5C6BF800F7F7A8 /* AppDelegate.swift */; };
		163D85C51D5C6BF800F7F7A8 /* MasterViewController.swift in Sources */ = {isa = PBXBuildFile; fileRef = 163D85C41D5C6BF800F7F7A8 /* MasterViewController.swift */; };
		163D85C71D5C6BF800F7F7A8 /* DetailViewController.swift in Sources */ = {isa = PBXBuildFile; fileRef = 163D85C61D5C6BF800F7F7A8 /* DetailViewController.swift */; };
		163D85CA1D5C6BF800F7F7A8 /* Main.storyboard in Resources */ = {isa = PBXBuildFile; fileRef = 163D85C81D5C6BF800F7F7A8 /* Main.storyboard */; };
		163D85CC1D5C6BF800F7F7A8 /* Assets.xcassets in Resources */ = {isa = PBXBuildFile; fileRef = 163D85CB1D5C6BF800F7F7A8 /* Assets.xcassets */; };
		163D85CF1D5C6BF800F7F7A8 /* LaunchScreen.storyboard in Resources */ = {isa = PBXBuildFile; fileRef = 163D85CD1D5C6BF800F7F7A8 /* LaunchScreen.storyboard */; };
		163D85D41D5C6DB400F7F7A8 /* ResolverLister.framework in Frameworks */ = {isa = PBXBuildFile; fileRef = 163BF6EC1D51D92500ABB1F6 /* ResolverLister.framework */; };
/* End PBXBuildFile section */

/* Begin PBXFileReference section */
		163BF6EC1D51D92500ABB1F6 /* ResolverLister.framework */ = {isa = PBXFileReference; explicitFileType = wrapper.framework; includeInIndex = 0; path = ResolverLister.framework; sourceTree = BUILT_PRODUCTS_DIR; };
		163BF6EF1D51D92500ABB1F6 /* ResolverLister.h */ = {isa = PBXFileReference; lastKnownFileType = sourcecode.c.h; path = ResolverLister.h; sourceTree = "<group>"; };
		163BF6F11D51D92500ABB1F6 /* Info.plist */ = {isa = PBXFileReference; lastKnownFileType = text.plist.xml; path = Info.plist; sourceTree = "<group>"; };
		163BF6F71D51D9C100ABB1F6 /* libresolv.tbd */ = {isa = PBXFileReference; lastKnownFileType = "sourcecode.text-based-dylib-definition"; name = libresolv.tbd; path = usr/lib/libresolv.tbd; sourceTree = SDKROOT; };
		163BF6FA1D51D9F000ABB1F6 /* ResolverLister.m */ = {isa = PBXFileReference; fileEncoding = 4; lastKnownFileType = sourcecode.c.objc; path = ResolverLister.m; sourceTree = "<group>"; };
		163D85C01D5C6BF700F7F7A8 /* ResolverListerTest-iOS.app */ = {isa = PBXFileReference; explicitFileType = wrapper.application; includeInIndex = 0; path = "ResolverListerTest-iOS.app"; sourceTree = BUILT_PRODUCTS_DIR; };
		163D85C21D5C6BF800F7F7A8 /* AppDelegate.swift */ = {isa = PBXFileReference; lastKnownFileType = sourcecode.swift; path = AppDelegate.swift; sourceTree = "<group>"; };
		163D85C41D5C6BF800F7F7A8 /* MasterViewController.swift */ = {isa = PBXFileReference; lastKnownFileType = sourcecode.swift; path = MasterViewController.swift; sourceTree = "<group>"; };
		163D85C61D5C6BF800F7F7A8 /* DetailViewController.swift */ = {isa = PBXFileReference; lastKnownFileType = sourcecode.swift; path = DetailViewController.swift; sourceTree = "<group>"; };
		163D85C91D5C6BF800F7F7A8 /* Base */ = {isa = PBXFileReference; lastKnownFileType = file.storyboard; name = Base; path = Base.lproj/Main.storyboard; sourceTree = "<group>"; };
		163D85CB1D5C6BF800F7F7A8 /* Assets.xcassets */ = {isa = PBXFileReference; lastKnownFileType = folder.assetcatalog; path = Assets.xcassets; sourceTree = "<group>"; };
		163D85CE1D5C6BF800F7F7A8 /* Base */ = {isa = PBXFileReference; lastKnownFileType = file.storyboard; name = Base; path = Base.lproj/LaunchScreen.storyboard; sourceTree = "<group>"; };
		163D85D01D5C6BF800F7F7A8 /* Info.plist */ = {isa = PBXFileReference; lastKnownFileType = text.plist.xml; path = Info.plist; sourceTree = "<group>"; };
/* End PBXFileReference section */

/* Begin PBXFrameworksBuildPhase section */
		163BF6E81D51D92500ABB1F6 /* Frameworks */ = {
			isa = PBXFrameworksBuildPhase;
			buildActionMask = 2147483647;
			files = (
				163BF6F81D51D9C100ABB1F6 /* libresolv.tbd in Frameworks */,
			);
			runOnlyForDeploymentPostprocessing = 0;
		};
		163D85BD1D5C6BF700F7F7A8 /* Frameworks */ = {
			isa = PBXFrameworksBuildPhase;
			buildActionMask = 2147483647;
			files = (
				163D85D41D5C6DB400F7F7A8 /* ResolverLister.framework in Frameworks */,
			);
			runOnlyForDeploymentPostprocessing = 0;
		};
/* End PBXFrameworksBuildPhase section */

/* Begin PBXGroup section */
		163BF6E21D51D92500ABB1F6 = {
			isa = PBXGroup;
			children = (
				163BF6F91D51D9D100ABB1F6 /* Dependencies */,
				163BF6EE1D51D92500ABB1F6 /* ResolverLister */,
				163D85C11D5C6BF800F7F7A8 /* ResolverListerTest-iOS */,
				163BF6ED1D51D92500ABB1F6 /* Products */,
			);
			sourceTree = "<group>";
		};
		163BF6ED1D51D92500ABB1F6 /* Products */ = {
			isa = PBXGroup;
			children = (
				163BF6EC1D51D92500ABB1F6 /* ResolverLister.framework */,
				163D85C01D5C6BF700F7F7A8 /* ResolverListerTest-iOS.app */,
			);
			name = Products;
			sourceTree = "<group>";
		};
		163BF6EE1D51D92500ABB1F6 /* ResolverLister */ = {
			isa = PBXGroup;
			children = (
				163BF6EF1D51D92500ABB1F6 /* ResolverLister.h */,
				163BF6F11D51D92500ABB1F6 /* Info.plist */,
				163BF6FA1D51D9F000ABB1F6 /* ResolverLister.m */,
			);
			path = ResolverLister;
			sourceTree = "<group>";
		};
		163BF6F91D51D9D100ABB1F6 /* Dependencies */ = {
			isa = PBXGroup;
			children = (
				163BF6F71D51D9C100ABB1F6 /* libresolv.tbd */,
			);
			name = Dependencies;
			sourceTree = "<group>";
		};
		163D85C11D5C6BF800F7F7A8 /* ResolverListerTest-iOS */ = {
			isa = PBXGroup;
			children = (
				163D85C21D5C6BF800F7F7A8 /* AppDelegate.swift */,
				163D85C41D5C6BF800F7F7A8 /* MasterViewController.swift */,
				163D85C61D5C6BF800F7F7A8 /* DetailViewController.swift */,
				163D85C81D5C6BF800F7F7A8 /* Main.storyboard */,
				163D85CB1D5C6BF800F7F7A8 /* Assets.xcassets */,
				163D85CD1D5C6BF800F7F7A8 /* LaunchScreen.storyboard */,
				163D85D01D5C6BF800F7F7A8 /* Info.plist */,
			);
			path = "ResolverListerTest-iOS";
			sourceTree = "<group>";
		};
/* End PBXGroup section */

/* Begin PBXHeadersBuildPhase section */
		163BF6E91D51D92500ABB1F6 /* Headers */ = {
			isa = PBXHeadersBuildPhase;
			buildActionMask = 2147483647;
			files = (
				163BF6F01D51D92500ABB1F6 /* ResolverLister.h in Headers */,
			);
			runOnlyForDeploymentPostprocessing = 0;
		};
/* End PBXHeadersBuildPhase section */

/* Begin PBXNativeTarget section */
		163BF6EB1D51D92500ABB1F6 /* ResolverLister */ = {
			isa = PBXNativeTarget;
			buildConfigurationList = 163BF6F41D51D92500ABB1F6 /* Build configuration list for PBXNativeTarget "ResolverLister" */;
			buildPhases = (
				163BF6E71D51D92500ABB1F6 /* Sources */,
				163BF6E81D51D92500ABB1F6 /* Frameworks */,
				163BF6E91D51D92500ABB1F6 /* Headers */,
				163BF6EA1D51D92500ABB1F6 /* Resources */,
			);
			buildRules = (
			);
			dependencies = (
			);
			name = ResolverLister;
			productName = ResolverLister;
			productReference = 163BF6EC1D51D92500ABB1F6 /* ResolverLister.framework */;
			productType = "com.apple.product-type.framework";
		};
		163D85BF1D5C6BF700F7F7A8 /* ResolverListerTest-iOS */ = {
			isa = PBXNativeTarget;
			buildConfigurationList = 163D85D31D5C6BF800F7F7A8 /* Build configuration list for PBXNativeTarget "ResolverListerTest-iOS" */;
			buildPhases = (
				163D85BC1D5C6BF700F7F7A8 /* Sources */,
				163D85BD1D5C6BF700F7F7A8 /* Frameworks */,
				163D85BE1D5C6BF700F7F7A8 /* Resources */,
			);
			buildRules = (
			);
			dependencies = (
			);
			name = "ResolverListerTest-iOS";
			productName = "ResolverListerTest-iOS";
			productReference = 163D85C01D5C6BF700F7F7A8 /* ResolverListerTest-iOS.app */;
			productType = "com.apple.product-type.application";
		};
/* End PBXNativeTarget section */

/* Begin PBXProject section */
		163BF6E31D51D92500ABB1F6 /* Project object */ = {
			isa = PBXProject;
			attributes = {
				LastSwiftUpdateCheck = 0730;
				LastUpgradeCheck = 0730;
				ORGANIZATIONNAME = "Notakey Latvia";
				TargetAttributes = {
					163BF6EB1D51D92500ABB1F6 = {
						CreatedOnToolsVersion = 7.3.1;
					};
					163D85BF1D5C6BF700F7F7A8 = {
						CreatedOnToolsVersion = 7.3.1;
					};
				};
			};
			buildConfigurationList = 163BF6E61D51D92500ABB1F6 /* Build configuration list for PBXProject "ResolverLister" */;
			compatibilityVersion = "Xcode 3.2";
			developmentRegion = English;
			hasScannedForEncodings = 0;
			knownRegions = (
				en,
				Base,
			);
			mainGroup = 163BF6E21D51D92500ABB1F6;
			productRefGroup = 163BF6ED1D51D92500ABB1F6 /* Products */;
			projectDirPath = "";
			projectRoot = "";
			targets = (
				163BF6EB1D51D92500ABB1F6 /* ResolverLister */,
				163D85BF1D5C6BF700F7F7A8 /* ResolverListerTest-iOS */,
			);
		};
/* End PBXProject section */

/* Begin PBXResourcesBuildPhase section */
		163BF6EA1D51D92500ABB1F6 /* Resources */ = {
			isa = PBXResourcesBuildPhase;
			buildActionMask = 2147483647;
			files = (
			);
			runOnlyForDeploymentPostprocessing = 0;
		};
		163D85BE1D5C6BF700F7F7A8 /* Resources */ = {
			isa = PBXResourcesBuildPhase;
			buildActionMask = 2147483647;
			files = (
				163D85CF1D5C6BF800F7F7A8 /* LaunchScreen.storyboard in Resources */,
				163D85CC1D5C6BF800F7F7A8 /* Assets.xcassets in Resources */,
				163D85CA1D5C6BF800F7F7A8 /* Main.storyboard in Resources */,
			);
			runOnlyForDeploymentPostprocessing = 0;
		};
/* End PBXResourcesBuildPhase section */

/* Begin PBXSourcesBuildPhase section */
		163BF6E71D51D92500ABB1F6 /* Sources */ = {
			isa = PBXSourcesBuildPhase;
			buildActionMask = 2147483647;
			files = (
				163BF6FB1D51D9F000ABB1F6 /* ResolverLister.m in Sources */,
			);
			runOnlyForDeploymentPostprocessing = 0;
		};
		163D85BC1D5C6BF700F7F7A8 /* Sources */ = {
			isa = PBXSourcesBuildPhase;
			buildActionMask = 2147483647;
			files = (
				163D85C71D5C6BF800F7F7A8 /* DetailViewController.swift in Sources */,
				163D85C51D5C6BF800F7F7A8 /* MasterViewController.swift in Sources */,
				163D85C31D5C6BF800F7F7A8 /* AppDelegate.swift in Sources */,
			);
			runOnlyForDeploymentPostprocessing = 0;
		};
/* End PBXSourcesBuildPhase section */

/* Begin PBXVariantGroup section */
		163D85C81D5C6BF800F7F7A8 /* Main.storyboard */ = {
			isa = PBXVariantGroup;
			children = (
				163D85C91D5C6BF800F7F7A8 /* Base */,
			);
			name = Main.storyboard;
			sourceTree = "<group>";
		};
		163D85CD1D5C6BF800F7F7A8 /* LaunchScreen.storyboard */ = {
			isa = PBXVariantGroup;
			children = (
				163D85CE1D5C6BF800F7F7A8 /* Base */,
			);
			name = LaunchScreen.storyboard;
			sourceTree = "<group>";
		};
/* End PBXVariantGroup section */

/* Begin XCBuildConfiguration section */
		163BF6F21D51D92500ABB1F6 /* Debug */ = {
			isa = XCBuildConfiguration;
			buildSettings = {
				ALWAYS_SEARCH_USER_PATHS = NO;
				CLANG_ANALYZER_NONNULL = YES;
				CLANG_CXX_LANGUAGE_STANDARD = "gnu++0x";
				CLANG_CXX_LIBRARY = "libc++";
				CLANG_ENABLE_MODULES = YES;
				CLANG_ENABLE_OBJC_ARC = YES;
				CLANG_WARN_BOOL_CONVERSION = YES;
				CLANG_WARN_CONSTANT_CONVERSION = YES;
				CLANG_WARN_DIRECT_OBJC_ISA_USAGE = YES_ERROR;
				CLANG_WARN_EMPTY_BODY = YES;
				CLANG_WARN_ENUM_CONVERSION = YES;
				CLANG_WARN_INT_CONVERSION = YES;
				CLANG_WARN_OBJC_ROOT_CLASS = YES_ERROR;
				CLANG_WARN_UNREACHABLE_CODE = YES;
				CLANG_WARN__DUPLICATE_METHOD_MATCH = YES;
				"CODE_SIGN_IDENTITY[sdk=iphoneos*]" = "iPhone Developer";
				COPY_PHASE_STRIP = NO;
				CURRENT_PROJECT_VERSION = 1;
				DEBUG_INFORMATION_FORMAT = dwarf;
				ENABLE_STRICT_OBJC_MSGSEND = YES;
				ENABLE_TESTABILITY = YES;
				GCC_C_LANGUAGE_STANDARD = gnu99;
				GCC_DYNAMIC_NO_PIC = NO;
				GCC_NO_COMMON_BLOCKS = YES;
				GCC_OPTIMIZATION_LEVEL = 0;
				GCC_PREPROCESSOR_DEFINITIONS = (
					"DEBUG=1",
					"$(inherited)",
				);
				GCC_WARN_64_TO_32_BIT_CONVERSION = YES;
				GCC_WARN_ABOUT_RETURN_TYPE = YES_ERROR;
				GCC_WARN_UNDECLARED_SELECTOR = YES;
				GCC_WARN_UNINITIALIZED_AUTOS = YES_AGGRESSIVE;
				GCC_WARN_UNUSED_FUNCTION = YES;
				GCC_WARN_UNUSED_VARIABLE = YES;
				IPHONEOS_DEPLOYMENT_TARGET = 9.3;
				MTL_ENABLE_DEBUG_INFO = YES;
				ONLY_ACTIVE_ARCH = YES;
				SDKROOT = iphoneos;
				TARGETED_DEVICE_FAMILY = "1,2";
				VERSIONING_SYSTEM = "apple-generic";
				VERSION_INFO_PREFIX = "";
			};
			name = Debug;
		};
		163BF6F31D51D92500ABB1F6 /* Release */ = {
			isa = XCBuildConfiguration;
			buildSettings = {
				ALWAYS_SEARCH_USER_PATHS = NO;
				CLANG_ANALYZER_NONNULL = YES;
				CLANG_CXX_LANGUAGE_STANDARD = "gnu++0x";
				CLANG_CXX_LIBRARY = "libc++";
				CLANG_ENABLE_MODULES = YES;
				CLANG_ENABLE_OBJC_ARC = YES;
				CLANG_WARN_BOOL_CONVERSION = YES;
				CLANG_WARN_CONSTANT_CONVERSION = YES;
				CLANG_WARN_DIRECT_OBJC_ISA_USAGE = YES_ERROR;
				CLANG_WARN_EMPTY_BODY = YES;
				CLANG_WARN_ENUM_CONVERSION = YES;
				CLANG_WARN_INT_CONVERSION = YES;
				CLANG_WARN_OBJC_ROOT_CLASS = YES_ERROR;
				CLANG_WARN_UNREACHABLE_CODE = YES;
				CLANG_WARN__DUPLICATE_METHOD_MATCH = YES;
				"CODE_SIGN_IDENTITY[sdk=iphoneos*]" = "iPhone Developer";
				COPY_PHASE_STRIP = NO;
				CURRENT_PROJECT_VERSION = 1;
				DEBUG_INFORMATION_FORMAT = "dwarf-with-dsym";
				ENABLE_NS_ASSERTIONS = NO;
				ENABLE_STRICT_OBJC_MSGSEND = YES;
				GCC_C_LANGUAGE_STANDARD = gnu99;
				GCC_NO_COMMON_BLOCKS = YES;
				GCC_WARN_64_TO_32_BIT_CONVERSION = YES;
				GCC_WARN_ABOUT_RETURN_TYPE = YES_ERROR;
				GCC_WARN_UNDECLARED_SELECTOR = YES;
				GCC_WARN_UNINITIALIZED_AUTOS = YES_AGGRESSIVE;
				GCC_WARN_UNUSED_FUNCTION = YES;
				GCC_WARN_UNUSED_VARIABLE = YES;
				IPHONEOS_DEPLOYMENT_TARGET = 9.3;
				MTL_ENABLE_DEBUG_INFO = NO;
				SDKROOT = iphoneos;
				TARGETED_DEVICE_FAMILY = "1,2";
				VALIDATE_PRODUCT = YES;
				VERSIONING_SYSTEM = "apple-generic";
				VERSION_INFO_PREFIX = "";
			};
			name = Release;
		};
		163BF6F51D51D92500ABB1F6 /* Debug */ = {
			isa = XCBuildConfiguration;
			buildSettings = {
				DEFINES_MODULE = YES;
				DYLIB_COMPATIBILITY_VERSION = 1;
				DYLIB_CURRENT_VERSION = 1;
				DYLIB_INSTALL_NAME_BASE = "@rpath";
				INFOPLIST_FILE = ResolverLister/Info.plist;
				INSTALL_PATH = "$(LOCAL_LIBRARY_DIR)/Frameworks";
				LD_RUNPATH_SEARCH_PATHS = "$(inherited) @executable_path/Frameworks @loader_path/Frameworks";
				PRODUCT_BUNDLE_IDENTIFIER = com.notakey.ResolverLister;
				PRODUCT_NAME = "$(TARGET_NAME)";
				SKIP_INSTALL = YES;
			};
			name = Debug;
		};
		163BF6F61D51D92500ABB1F6 /* Release */ = {
			isa = XCBuildConfiguration;
			buildSettings = {
				DEFINES_MODULE = YES;
				DYLIB_COMPATIBILITY_VERSION = 1;
				DYLIB_CURRENT_VERSION = 1;
				DYLIB_INSTALL_NAME_BASE = "@rpath";
				INFOPLIST_FILE = ResolverLister/Info.plist;
				INSTALL_PATH = "$(LOCAL_LIBRARY_DIR)/Frameworks";
				LD_RUNPATH_SEARCH_PATHS = "$(inherited) @executable_path/Frameworks @loader_path/Frameworks";
				PRODUCT_BUNDLE_IDENTIFIER = com.notakey.ResolverLister;
				PRODUCT_NAME = "$(TARGET_NAME)";
				SKIP_INSTALL = YES;
			};
			name = Release;
		};
		163D85D11D5C6BF800F7F7A8 /* Debug */ = {
			isa = XCBuildConfiguration;
			buildSettings = {
				ASSETCATALOG_COMPILER_APPICON_NAME = AppIcon;
				INFOPLIST_FILE = "ResolverListerTest-iOS/Info.plist";
				LD_RUNPATH_SEARCH_PATHS = "$(inherited) @executable_path/Frameworks";
				PRODUCT_BUNDLE_IDENTIFIER = "com.notakey.ResolverListerTest-iOS";
				PRODUCT_NAME = "$(TARGET_NAME)";
				SWIFT_OPTIMIZATION_LEVEL = "-Onone";
			};
			name = Debug;
		};
		163D85D21D5C6BF800F7F7A8 /* Release */ = {
			isa = XCBuildConfiguration;
			buildSettings = {
				ASSETCATALOG_COMPILER_APPICON_NAME = AppIcon;
				INFOPLIST_FILE = "ResolverListerTest-iOS/Info.plist";
				LD_RUNPATH_SEARCH_PATHS = "$(inherited) @executable_path/Frameworks";
				PRODUCT_BUNDLE_IDENTIFIER = "com.notakey.ResolverListerTest-iOS";
				PRODUCT_NAME = "$(TARGET_NAME)";
			};
			name = Release;
		};
/* End XCBuildConfiguration section */

/* Begin XCConfigurationList section */
		163BF6E61D51D92500ABB1F6 /* Build configuration list for PBXProject "ResolverLister" */ = {
			isa = XCConfigurationList;
			buildConfigurations = (
				163BF6F21D51D92500ABB1F6 /* Debug */,
				163BF6F31D51D92500ABB1F6 /* Release */,
			);
			defaultConfigurationIsVisible = 0;
			defaultConfigurationName = Release;
		};
		163BF6F41D51D92500ABB1F6 /* Build configuration list for PBXNativeTarget "ResolverLister" */ = {
			isa = XCConfigurationList;
			buildConfigurations = (
				163BF6F51D51D92500ABB1F6 /* Debug */,
				163BF6F61D51D92500ABB1F6 /* Release */,
			);
			defaultConfigurationIsVisible = 0;
			defaultConfigurationName = Release;
		};
		163D85D31D5C6BF800F7F7A8 /* Build configuration list for PBXNativeTarget "ResolverListerTest-iOS" */ = {
			isa = XCConfigurationList;
			buildConfigurations = (
				163D85D11D5C6BF800F7F7A8 /* Debug */,
				163D85D21D5C6BF800F7F7A8 /* Release */,
			);
			defaultConfigurationIsVisible = 0;
		};
/* End XCConfigurationList section */
	};
	rootObject = 163BF6E31D51D92500ABB1F6 /* Project object */;
}
